
Microsoft Visual Studio Solution File, Format Version 12.00
# Visual Studio Version 16
VisualStudioVersion = 16.0.30011.22
MinimumVisualStudioVersion = 10.0.40219.1
Project("{FAE04EC0-301F-11D3-BF4B-00C04F79EFBC}") = "Ferreteria", "Ferreteria\Ferreteria.csproj", "{F8FDB28E-D93E-4543-AC29-0D3D386EE245}"
EndProject
Project("{FAE04EC0-301F-11D3-BF4B-00C04F79EFBC}") = "DataManager", "DataManager\DataManager.csproj", "{03973409-3D3E-481C-9F8E-45276FCA2CAD}"
EndProject
Global
	GlobalSection(SolutionConfigurationPlatforms) = preSolution
		Debug|Any CPU = Debug|Any CPU
		Release|Any CPU = Release|Any CPU
	EndGlobalSection
	GlobalSection(ProjectConfigurationPlatforms) = postSolution
		{F8FDB28E-D93E-4543-AC29-0D3D386EE245}.Debug|Any CPU.ActiveCfg = Debug|Any CPU
		{F8FDB28E-D93E-4543-AC29-0D3D386EE245}.Debug|Any CPU.Build.0 = Debug|Any CPU
		{F8FDB28E-D93E-4543-AC29-0D3D386EE245}.Release|Any CPU.ActiveCfg = Release|Any CPU
		{F8FDB28E-D93E-4543-AC29-0D3D386EE245}.Release|Any CPU.Build.0 = Release|Any CPU
		{03973409-3D3E-481C-9F8E-45276FCA2CAD}.Debug|Any CPU.ActiveCfg = Debug|Any CPU
		{03973409-3D3E-481C-9F8E-45276FCA2CAD}.Debug|Any CPU.Build.0 = Debug|Any CPU
		{03973409-3D3E-481C-9F8E-45276FCA2CAD}.Release|Any CPU.ActiveCfg = Release|Any CPU
		{03973409-3D3E-481C-9F8E-45276FCA2CAD}.Release|Any CPU.Build.0 = Release|Any CPU
	EndGlobalSection
	GlobalSection(SolutionProperties) = preSolution
		HideSolutionNode = FALSE
	EndGlobalSection
	GlobalSection(ExtensibilityGlobals) = postSolution
		SolutionGuid = {63876C95-1472-478C-BDEA-29C9E551DC3B}
	EndGlobalSection
EndGlobal
